
Microsoft Visual Studio Solution File, Format Version 12.00
# Visual Studio Version 16
VisualStudioVersion = 16.0.31205.134
MinimumVisualStudioVersion = 10.0.40219.1
Project("{FAE04EC0-301F-11D3-BF4B-00C04F79EFBC}") = "ArcGISApp1", "ArcGISApp1\ArcGISApp1.csproj", "{C96AAFB9-7C5A-4D1F-865E-390F824D8E74}"
EndProject
Global
	GlobalSection(SolutionConfigurationPlatforms) = preSolution
		Debug|Any CPU = Debug|Any CPU
		Release|Any CPU = Release|Any CPU
	EndGlobalSection
	GlobalSection(ProjectConfigurationPlatforms) = postSolution
		{C96AAFB9-7C5A-4D1F-865E-390F824D8E74}.Debug|Any CPU.ActiveCfg = Debug|Any CPU
		{C96AAFB9-7C5A-4D1F-865E-390F824D8E74}.Debug|Any CPU.Build.0 = Debug|Any CPU
		{C96AAFB9-7C5A-4D1F-865E-390F824D8E74}.Release|Any CPU.ActiveCfg = Release|Any CPU
		{C96AAFB9-7C5A-4D1F-865E-390F824D8E74}.Release|Any CPU.Build.0 = Release|Any CPU
	EndGlobalSection
	GlobalSection(SolutionProperties) = preSolution
		HideSolutionNode = FALSE
	EndGlobalSection
	GlobalSection(ExtensibilityGlobals) = postSolution
		SolutionGuid = {85099284-3683-4316-9552-9AE455069E4B}
	EndGlobalSection
EndGlobal
